
Microsoft Visual Studio Solution File, Format Version 12.00
# Visual Studio Version 16
VisualStudioVersion = 16.0.30517.126
MinimumVisualStudioVersion = 10.0.40219.1
Project("{9A19103F-16F7-4668-BE54-9A1E7A4F7556}") = "VisionClientApi", "VisionClientApi\VisionClientApi.csproj", "{4A85DC04-371B-4585-BDF9-DAB21B99AC89}"
EndProject
Project("{9A19103F-16F7-4668-BE54-9A1E7A4F7556}") = "ImageTagger", "ImageTagger\ImageTagger.csproj", "{9710C16E-AB86-4F67-B7AD-27EBC500991B}"
EndProject
Global
	GlobalSection(SolutionConfigurationPlatforms) = preSolution
		Debug|Any CPU = Debug|Any CPU
		Release|Any CPU = Release|Any CPU
	EndGlobalSection
	GlobalSection(ProjectConfigurationPlatforms) = postSolution
		{4A85DC04-371B-4585-BDF9-DAB21B99AC89}.Debug|Any CPU.ActiveCfg = Debug|Any CPU
		{4A85DC04-371B-4585-BDF9-DAB21B99AC89}.Debug|Any CPU.Build.0 = Debug|Any CPU
		{4A85DC04-371B-4585-BDF9-DAB21B99AC89}.Release|Any CPU.ActiveCfg = Release|Any CPU
		{4A85DC04-371B-4585-BDF9-DAB21B99AC89}.Release|Any CPU.Build.0 = Release|Any CPU
		{9710C16E-AB86-4F67-B7AD-27EBC500991B}.Debug|Any CPU.ActiveCfg = Debug|Any CPU
		{9710C16E-AB86-4F67-B7AD-27EBC500991B}.Debug|Any CPU.Build.0 = Debug|Any CPU
		{9710C16E-AB86-4F67-B7AD-27EBC500991B}.Release|Any CPU.ActiveCfg = Release|Any CPU
		{9710C16E-AB86-4F67-B7AD-27EBC500991B}.Release|Any CPU.Build.0 = Release|Any CPU
	EndGlobalSection
	GlobalSection(SolutionProperties) = preSolution
		HideSolutionNode = FALSE
	EndGlobalSection
	GlobalSection(ExtensibilityGlobals) = postSolution
		SolutionGuid = {F4AFF220-CF53-41AF-8FD2-5CA130D78C1D}
	EndGlobalSection
EndGlobal
